
Microsoft Visual Studio Solution File, Format Version 12.00
# Visual Studio Version 17
VisualStudioVersion = 17.7.34031.279
MinimumVisualStudioVersion = 10.0.40219.1
Project("{9A19103F-16F7-4668-BE54-9A1E7A4F7556}") = "TestConsole", "TestConsole\TestConsole.csproj", "{919C1FE3-72DF-4E29-8115-8E1B0FE78C92}"
EndProject
Project("{9A19103F-16F7-4668-BE54-9A1E7A4F7556}") = "RSCG_Templating", "RSCG_Templating\RSCG_Templating.csproj", "{83543927-3FBA-4226-8D6D-4B1336A3E993}"
EndProject
Project("{FAE04EC0-301F-11D3-BF4B-00C04F79EFBC}") = "RSCG_TemplatingCommon", "RSCG_TemplatingCommon\RSCG_TemplatingCommon.csproj", "{62820EB6-A3F3-48B2-BCA2-E56142659DD0}"
EndProject
Global
	GlobalSection(SolutionConfigurationPlatforms) = preSolution
		Debug|Any CPU = Debug|Any CPU
		Release|Any CPU = Release|Any CPU
	EndGlobalSection
	GlobalSection(ProjectConfigurationPlatforms) = postSolution
		{919C1FE3-72DF-4E29-8115-8E1B0FE78C92}.Debug|Any CPU.ActiveCfg = Debug|Any CPU
		{919C1FE3-72DF-4E29-8115-8E1B0FE78C92}.Debug|Any CPU.Build.0 = Debug|Any CPU
		{919C1FE3-72DF-4E29-8115-8E1B0FE78C92}.Release|Any CPU.ActiveCfg = Release|Any CPU
		{919C1FE3-72DF-4E29-8115-8E1B0FE78C92}.Release|Any CPU.Build.0 = Release|Any CPU
		{83543927-3FBA-4226-8D6D-4B1336A3E993}.Debug|Any CPU.ActiveCfg = Debug|Any CPU
		{83543927-3FBA-4226-8D6D-4B1336A3E993}.Debug|Any CPU.Build.0 = Debug|Any CPU
		{83543927-3FBA-4226-8D6D-4B1336A3E993}.Release|Any CPU.ActiveCfg = Release|Any CPU
		{83543927-3FBA-4226-8D6D-4B1336A3E993}.Release|Any CPU.Build.0 = Release|Any CPU
		{62820EB6-A3F3-48B2-BCA2-E56142659DD0}.Debug|Any CPU.ActiveCfg = Debug|Any CPU
		{62820EB6-A3F3-48B2-BCA2-E56142659DD0}.Debug|Any CPU.Build.0 = Debug|Any CPU
		{62820EB6-A3F3-48B2-BCA2-E56142659DD0}.Release|Any CPU.ActiveCfg = Release|Any CPU
		{62820EB6-A3F3-48B2-BCA2-E56142659DD0}.Release|Any CPU.Build.0 = Release|Any CPU
	EndGlobalSection
	GlobalSection(SolutionProperties) = preSolution
		HideSolutionNode = FALSE
	EndGlobalSection
	GlobalSection(ExtensibilityGlobals) = postSolution
		SolutionGuid = {C2497A3B-B32D-418F-A64D-A5F1CEB600C3}
	EndGlobalSection
EndGlobal
