
Microsoft Visual Studio Solution File, Format Version 12.00
# Visual Studio Version 16
VisualStudioVersion = 16.0.29613.14
MinimumVisualStudioVersion = 10.0.40219.1
Project("{9A19103F-16F7-4668-BE54-9A1E7A4F7556}") = "OrderCalculator", "MethodsLoadingPlugins\OrderCalculator.csproj", "{AFEF0188-ACB5-4825-99AA-4ACAF063FC23}"
EndProject
Project("{FAE04EC0-301F-11D3-BF4B-00C04F79EFBC}") = "MoreThan100", "MoreThan100\MoreThan100.csproj", "{87CDFDE8-0C9E-45D9-A4BC-71AC18781526}"
EndProject
Project("{FAE04EC0-301F-11D3-BF4B-00C04F79EFBC}") = "ConsoleDirectRef", "ConsoleDirectRef\ConsoleDirectRef.csproj", "{D90E8F2C-A44E-4AF0-829C-F6FF9F9BAA7A}"
EndProject
Global
	GlobalSection(SolutionConfigurationPlatforms) = preSolution
		Debug|Any CPU = Debug|Any CPU
		Release|Any CPU = Release|Any CPU
	EndGlobalSection
	GlobalSection(ProjectConfigurationPlatforms) = postSolution
		{AFEF0188-ACB5-4825-99AA-4ACAF063FC23}.Debug|Any CPU.ActiveCfg = Debug|Any CPU
		{AFEF0188-ACB5-4825-99AA-4ACAF063FC23}.Debug|Any CPU.Build.0 = Debug|Any CPU
		{AFEF0188-ACB5-4825-99AA-4ACAF063FC23}.Release|Any CPU.ActiveCfg = Release|Any CPU
		{AFEF0188-ACB5-4825-99AA-4ACAF063FC23}.Release|Any CPU.Build.0 = Release|Any CPU
		{87CDFDE8-0C9E-45D9-A4BC-71AC18781526}.Debug|Any CPU.ActiveCfg = Debug|Any CPU
		{87CDFDE8-0C9E-45D9-A4BC-71AC18781526}.Debug|Any CPU.Build.0 = Debug|Any CPU
		{87CDFDE8-0C9E-45D9-A4BC-71AC18781526}.Release|Any CPU.ActiveCfg = Release|Any CPU
		{87CDFDE8-0C9E-45D9-A4BC-71AC18781526}.Release|Any CPU.Build.0 = Release|Any CPU
		{D90E8F2C-A44E-4AF0-829C-F6FF9F9BAA7A}.Debug|Any CPU.ActiveCfg = Debug|Any CPU
		{D90E8F2C-A44E-4AF0-829C-F6FF9F9BAA7A}.Debug|Any CPU.Build.0 = Debug|Any CPU
		{D90E8F2C-A44E-4AF0-829C-F6FF9F9BAA7A}.Release|Any CPU.ActiveCfg = Release|Any CPU
		{D90E8F2C-A44E-4AF0-829C-F6FF9F9BAA7A}.Release|Any CPU.Build.0 = Release|Any CPU
	EndGlobalSection
	GlobalSection(SolutionProperties) = preSolution
		HideSolutionNode = FALSE
	EndGlobalSection
	GlobalSection(ExtensibilityGlobals) = postSolution
		SolutionGuid = {AC49A5CE-201C-4B36-A5DA-7715D75F60F1}
	EndGlobalSection
EndGlobal
