
Microsoft Visual Studio Solution File, Format Version 12.00
# Visual Studio Version 16
VisualStudioVersion = 16.0.31105.61
MinimumVisualStudioVersion = 10.0.40219.1
Project("{9A19103F-16F7-4668-BE54-9A1E7A4F7556}") = "AutoTracing", "AutoTracing\AutoTracing.csproj", "{7C630347-1926-4B9E-AD09-EFB04AFC36F5}"
EndProject
Project("{9A19103F-16F7-4668-BE54-9A1E7A4F7556}") = "AT_BL", "AT_BL\AT_BL.csproj", "{1AFC4E40-9B45-4CDD-A742-3946B9CC9113}"
EndProject
Project("{FAE04EC0-301F-11D3-BF4B-00C04F79EFBC}") = "AT_DAL", "AT_DAL\AT_DAL.csproj", "{EC6BD879-511A-4CAC-A5B8-2F4B153F06AB}"
EndProject
Global
	GlobalSection(SolutionConfigurationPlatforms) = preSolution
		Debug|Any CPU = Debug|Any CPU
		Release|Any CPU = Release|Any CPU
	EndGlobalSection
	GlobalSection(ProjectConfigurationPlatforms) = postSolution
		{7C630347-1926-4B9E-AD09-EFB04AFC36F5}.Debug|Any CPU.ActiveCfg = Debug|Any CPU
		{7C630347-1926-4B9E-AD09-EFB04AFC36F5}.Debug|Any CPU.Build.0 = Debug|Any CPU
		{7C630347-1926-4B9E-AD09-EFB04AFC36F5}.Release|Any CPU.ActiveCfg = Release|Any CPU
		{7C630347-1926-4B9E-AD09-EFB04AFC36F5}.Release|Any CPU.Build.0 = Release|Any CPU
		{1AFC4E40-9B45-4CDD-A742-3946B9CC9113}.Debug|Any CPU.ActiveCfg = Debug|Any CPU
		{1AFC4E40-9B45-4CDD-A742-3946B9CC9113}.Debug|Any CPU.Build.0 = Debug|Any CPU
		{1AFC4E40-9B45-4CDD-A742-3946B9CC9113}.Release|Any CPU.ActiveCfg = Release|Any CPU
		{1AFC4E40-9B45-4CDD-A742-3946B9CC9113}.Release|Any CPU.Build.0 = Release|Any CPU
		{EC6BD879-511A-4CAC-A5B8-2F4B153F06AB}.Debug|Any CPU.ActiveCfg = Debug|Any CPU
		{EC6BD879-511A-4CAC-A5B8-2F4B153F06AB}.Debug|Any CPU.Build.0 = Debug|Any CPU
		{EC6BD879-511A-4CAC-A5B8-2F4B153F06AB}.Release|Any CPU.ActiveCfg = Release|Any CPU
		{EC6BD879-511A-4CAC-A5B8-2F4B153F06AB}.Release|Any CPU.Build.0 = Release|Any CPU
	EndGlobalSection
	GlobalSection(SolutionProperties) = preSolution
		HideSolutionNode = FALSE
	EndGlobalSection
	GlobalSection(ExtensibilityGlobals) = postSolution
		SolutionGuid = {59810736-7D0C-42F5-87D8-075E8D5FB6A8}
	EndGlobalSection
EndGlobal
