
Microsoft Visual Studio Solution File, Format Version 12.00
# Visual Studio Version 17
VisualStudioVersion = 17.10.34928.147
MinimumVisualStudioVersion = 10.0.40219.1
Project("{FAE04EC0-301F-11D3-BF4B-00C04F79EFBC}") = "ContentGeneration", "ContentGeneration\ContentGeneration.csproj", "{8F0E2AC7-0A59-434C-A311-5852EA9C2F64}"
EndProject
Global
	GlobalSection(SolutionConfigurationPlatforms) = preSolution
		Debug|Any CPU = Debug|Any CPU
		Release|Any CPU = Release|Any CPU
	EndGlobalSection
	GlobalSection(ProjectConfigurationPlatforms) = postSolution
		{8F0E2AC7-0A59-434C-A311-5852EA9C2F64}.Debug|Any CPU.ActiveCfg = Debug|Any CPU
		{8F0E2AC7-0A59-434C-A311-5852EA9C2F64}.Debug|Any CPU.Build.0 = Debug|Any CPU
		{8F0E2AC7-0A59-434C-A311-5852EA9C2F64}.Release|Any CPU.ActiveCfg = Release|Any CPU
		{8F0E2AC7-0A59-434C-A311-5852EA9C2F64}.Release|Any CPU.Build.0 = Release|Any CPU
	EndGlobalSection
	GlobalSection(SolutionProperties) = preSolution
		HideSolutionNode = FALSE
	EndGlobalSection
	GlobalSection(ExtensibilityGlobals) = postSolution
		SolutionGuid = {4247DECB-E15F-48A6-BBF3-3A65772AA9A0}
	EndGlobalSection
EndGlobal
