
Microsoft Visual Studio Solution File, Format Version 12.00
# Visual Studio Version 17
VisualStudioVersion = 17.13.35825.156
MinimumVisualStudioVersion = 10.0.40219.1
Project("{FAE04EC0-301F-11D3-BF4B-00C04F79EFBC}") = "PartialProperties", "PartialProperties\PartialProperties.csproj", "{A60A5143-AD54-3133-6C77-9D8A0D058C4B}"
EndProject
Project("{FAE04EC0-301F-11D3-BF4B-00C04F79EFBC}") = "LibraryImportDemo", "LibraryImportDemo\LibraryImportDemo.csproj", "{9AEB7E5D-4038-05E8-E524-67309A6867DC}"
EndProject
Global
	GlobalSection(SolutionConfigurationPlatforms) = preSolution
		Debug|Any CPU = Debug|Any CPU
		Release|Any CPU = Release|Any CPU
	EndGlobalSection
	GlobalSection(ProjectConfigurationPlatforms) = postSolution
		{A60A5143-AD54-3133-6C77-9D8A0D058C4B}.Debug|Any CPU.ActiveCfg = Debug|Any CPU
		{A60A5143-AD54-3133-6C77-9D8A0D058C4B}.Debug|Any CPU.Build.0 = Debug|Any CPU
		{A60A5143-AD54-3133-6C77-9D8A0D058C4B}.Release|Any CPU.ActiveCfg = Release|Any CPU
		{A60A5143-AD54-3133-6C77-9D8A0D058C4B}.Release|Any CPU.Build.0 = Release|Any CPU
		{9AEB7E5D-4038-05E8-E524-67309A6867DC}.Debug|Any CPU.ActiveCfg = Debug|Any CPU
		{9AEB7E5D-4038-05E8-E524-67309A6867DC}.Debug|Any CPU.Build.0 = Debug|Any CPU
		{9AEB7E5D-4038-05E8-E524-67309A6867DC}.Release|Any CPU.ActiveCfg = Release|Any CPU
		{9AEB7E5D-4038-05E8-E524-67309A6867DC}.Release|Any CPU.Build.0 = Release|Any CPU
	EndGlobalSection
	GlobalSection(SolutionProperties) = preSolution
		HideSolutionNode = FALSE
	EndGlobalSection
	GlobalSection(ExtensibilityGlobals) = postSolution
		SolutionGuid = {BF84ABAA-88CE-4314-9AFA-8FBC6F9EDBFF}
	EndGlobalSection
EndGlobal
