
Microsoft Visual Studio Solution File, Format Version 12.00
# Visual Studio Version 17
VisualStudioVersion = 17.6.33815.320
MinimumVisualStudioVersion = 10.0.40219.1
Project("{FAE04EC0-301F-11D3-BF4B-00C04F79EFBC}") = "Part3Console", "Part3Console\Part3Console.csproj", "{F6290175-C12A-4EC8-8CCB-E57F801FA396}"
EndProject
Global
	GlobalSection(SolutionConfigurationPlatforms) = preSolution
		Debug|Any CPU = Debug|Any CPU
		Release|Any CPU = Release|Any CPU
	EndGlobalSection
	GlobalSection(ProjectConfigurationPlatforms) = postSolution
		{F6290175-C12A-4EC8-8CCB-E57F801FA396}.Debug|Any CPU.ActiveCfg = Debug|Any CPU
		{F6290175-C12A-4EC8-8CCB-E57F801FA396}.Debug|Any CPU.Build.0 = Debug|Any CPU
		{F6290175-C12A-4EC8-8CCB-E57F801FA396}.Release|Any CPU.ActiveCfg = Release|Any CPU
		{F6290175-C12A-4EC8-8CCB-E57F801FA396}.Release|Any CPU.Build.0 = Release|Any CPU
	EndGlobalSection
	GlobalSection(SolutionProperties) = preSolution
		HideSolutionNode = FALSE
	EndGlobalSection
	GlobalSection(ExtensibilityGlobals) = postSolution
		SolutionGuid = {E4A9BC2E-0A29-4E03-9590-CDA175616DCE}
	EndGlobalSection
EndGlobal
