
Microsoft Visual Studio Solution File, Format Version 12.00
# Visual Studio Version 17
VisualStudioVersion = 17.14.36518.9
MinimumVisualStudioVersion = 10.0.40219.1
Project("{FAE04EC0-301F-11D3-BF4B-00C04F79EFBC}") = "DemoEFCore", "DemoEFCore\DemoEFCore.csproj", "{E97D33A4-59B7-47A9-873C-D55E6D52C016}"
EndProject
Project("{FAE04EC0-301F-11D3-BF4B-00C04F79EFBC}") = "SqlScripts", "SqlScripts\SqlScripts.csproj", "{D95E73C1-44CE-4177-A008-0CC1FF5446DB}"
EndProject
Global
	GlobalSection(SolutionConfigurationPlatforms) = preSolution
		Debug|Any CPU = Debug|Any CPU
		Release|Any CPU = Release|Any CPU
	EndGlobalSection
	GlobalSection(ProjectConfigurationPlatforms) = postSolution
		{E97D33A4-59B7-47A9-873C-D55E6D52C016}.Debug|Any CPU.ActiveCfg = Debug|Any CPU
		{E97D33A4-59B7-47A9-873C-D55E6D52C016}.Debug|Any CPU.Build.0 = Debug|Any CPU
		{E97D33A4-59B7-47A9-873C-D55E6D52C016}.Release|Any CPU.ActiveCfg = Release|Any CPU
		{E97D33A4-59B7-47A9-873C-D55E6D52C016}.Release|Any CPU.Build.0 = Release|Any CPU
		{D95E73C1-44CE-4177-A008-0CC1FF5446DB}.Debug|Any CPU.ActiveCfg = Debug|Any CPU
		{D95E73C1-44CE-4177-A008-0CC1FF5446DB}.Debug|Any CPU.Build.0 = Debug|Any CPU
		{D95E73C1-44CE-4177-A008-0CC1FF5446DB}.Release|Any CPU.ActiveCfg = Release|Any CPU
		{D95E73C1-44CE-4177-A008-0CC1FF5446DB}.Release|Any CPU.Build.0 = Release|Any CPU
	EndGlobalSection
	GlobalSection(SolutionProperties) = preSolution
		HideSolutionNode = FALSE
	EndGlobalSection
	GlobalSection(ExtensibilityGlobals) = postSolution
		SolutionGuid = {19EC0821-0B97-41B3-8DE8-BF0A90BDC918}
	EndGlobalSection
EndGlobal
