
Microsoft Visual Studio Solution File, Format Version 12.00
# Visual Studio 14
VisualStudioVersion = 14.0.25420.1
MinimumVisualStudioVersion = 10.0.40219.1
Project("{2150E333-8FDC-42A3-9474-1A3956D46DE8}") = "src", "src", "{C30BE8ED-10C8-4A0C-B094-B58FC09BC23D}"
EndProject
Project("{2150E333-8FDC-42A3-9474-1A3956D46DE8}") = "Solution Items", "Solution Items", "{56A0DCFB-A8D1-44CE-8DD0-D32FF184579A}"
	ProjectSection(SolutionItems) = preProject
		global.json = global.json
	EndProjectSection
EndProject
Project("{8BB2217D-0F2D-49D1-97BC-3654ED321F3B}") = "DIDemo", "src\DIDemo\DIDemo.xproj", "{BB0298BB-2533-4FDE-8D19-23204BAEAD7F}"
EndProject
Project("{8BB2217D-0F2D-49D1-97BC-3654ED321F3B}") = "DiDemoObjects", "src\DiDemoObjects\DiDemoObjects.xproj", "{B18D55DE-49B2-4FC4-A890-50C52A782099}"
EndProject
Project("{8BB2217D-0F2D-49D1-97BC-3654ED321F3B}") = "DiDemoTesting", "src\DiDemoTesting\DiDemoTesting.xproj", "{3D6053B0-B7C2-4155-B8A3-92957D480302}"
EndProject
Project("{8BB2217D-0F2D-49D1-97BC-3654ED321F3B}") = "DiDemoASPNETCore", "src\DiDemoASPNETCore\DiDemoASPNETCore.xproj", "{EA482C89-69F0-4DA3-9F5F-A312D9DC284C}"
EndProject
Global
	GlobalSection(SolutionConfigurationPlatforms) = preSolution
		Debug|Any CPU = Debug|Any CPU
		Release|Any CPU = Release|Any CPU
	EndGlobalSection
	GlobalSection(ProjectConfigurationPlatforms) = postSolution
		{BB0298BB-2533-4FDE-8D19-23204BAEAD7F}.Debug|Any CPU.ActiveCfg = Debug|Any CPU
		{BB0298BB-2533-4FDE-8D19-23204BAEAD7F}.Debug|Any CPU.Build.0 = Debug|Any CPU
		{BB0298BB-2533-4FDE-8D19-23204BAEAD7F}.Release|Any CPU.ActiveCfg = Release|Any CPU
		{BB0298BB-2533-4FDE-8D19-23204BAEAD7F}.Release|Any CPU.Build.0 = Release|Any CPU
		{B18D55DE-49B2-4FC4-A890-50C52A782099}.Debug|Any CPU.ActiveCfg = Debug|Any CPU
		{B18D55DE-49B2-4FC4-A890-50C52A782099}.Debug|Any CPU.Build.0 = Debug|Any CPU
		{B18D55DE-49B2-4FC4-A890-50C52A782099}.Release|Any CPU.ActiveCfg = Release|Any CPU
		{B18D55DE-49B2-4FC4-A890-50C52A782099}.Release|Any CPU.Build.0 = Release|Any CPU
		{3D6053B0-B7C2-4155-B8A3-92957D480302}.Debug|Any CPU.ActiveCfg = Debug|Any CPU
		{3D6053B0-B7C2-4155-B8A3-92957D480302}.Debug|Any CPU.Build.0 = Debug|Any CPU
		{3D6053B0-B7C2-4155-B8A3-92957D480302}.Release|Any CPU.ActiveCfg = Release|Any CPU
		{3D6053B0-B7C2-4155-B8A3-92957D480302}.Release|Any CPU.Build.0 = Release|Any CPU
		{EA482C89-69F0-4DA3-9F5F-A312D9DC284C}.Debug|Any CPU.ActiveCfg = Debug|Any CPU
		{EA482C89-69F0-4DA3-9F5F-A312D9DC284C}.Debug|Any CPU.Build.0 = Debug|Any CPU
		{EA482C89-69F0-4DA3-9F5F-A312D9DC284C}.Release|Any CPU.ActiveCfg = Release|Any CPU
		{EA482C89-69F0-4DA3-9F5F-A312D9DC284C}.Release|Any CPU.Build.0 = Release|Any CPU
	EndGlobalSection
	GlobalSection(SolutionProperties) = preSolution
		HideSolutionNode = FALSE
	EndGlobalSection
	GlobalSection(NestedProjects) = preSolution
		{BB0298BB-2533-4FDE-8D19-23204BAEAD7F} = {C30BE8ED-10C8-4A0C-B094-B58FC09BC23D}
		{B18D55DE-49B2-4FC4-A890-50C52A782099} = {C30BE8ED-10C8-4A0C-B094-B58FC09BC23D}
		{3D6053B0-B7C2-4155-B8A3-92957D480302} = {C30BE8ED-10C8-4A0C-B094-B58FC09BC23D}
		{EA482C89-69F0-4DA3-9F5F-A312D9DC284C} = {C30BE8ED-10C8-4A0C-B094-B58FC09BC23D}
	EndGlobalSection
EndGlobal
