
Microsoft Visual Studio Solution File, Format Version 12.00
# Visual Studio Version 16
VisualStudioVersion = 16.0.30611.23
MinimumVisualStudioVersion = 10.0.40219.1
Project("{FAE04EC0-301F-11D3-BF4B-00C04F79EFBC}") = "Versioning", "Versioning\Versioning.csproj", "{B40615F9-7741-408D-AC92-FBA783AC4015}"
EndProject
Global
	GlobalSection(SolutionConfigurationPlatforms) = preSolution
		Debug|Any CPU = Debug|Any CPU
		Release|Any CPU = Release|Any CPU
	EndGlobalSection
	GlobalSection(ProjectConfigurationPlatforms) = postSolution
		{B40615F9-7741-408D-AC92-FBA783AC4015}.Debug|Any CPU.ActiveCfg = Debug|Any CPU
		{B40615F9-7741-408D-AC92-FBA783AC4015}.Debug|Any CPU.Build.0 = Debug|Any CPU
		{B40615F9-7741-408D-AC92-FBA783AC4015}.Release|Any CPU.ActiveCfg = Release|Any CPU
		{B40615F9-7741-408D-AC92-FBA783AC4015}.Release|Any CPU.Build.0 = Release|Any CPU
	EndGlobalSection
	GlobalSection(SolutionProperties) = preSolution
		HideSolutionNode = FALSE
	EndGlobalSection
	GlobalSection(ExtensibilityGlobals) = postSolution
		SolutionGuid = {713AFB81-63AD-4E7B-9EDC-BC18C1B53588}
	EndGlobalSection
EndGlobal
