
Microsoft Visual Studio Solution File, Format Version 12.00
# Visual Studio Version 17
VisualStudioVersion = 17.4.33213.308
MinimumVisualStudioVersion = 10.0.40219.1
Project("{9A19103F-16F7-4668-BE54-9A1E7A4F7556}") = "SRE_With_Net", "SRE_With_Net\SRE_With_Net.csproj", "{83860BEB-2FBA-4A35-A10C-DD75DF005A03}"
EndProject
Project("{FAE04EC0-301F-11D3-BF4B-00C04F79EFBC}") = "TestData", "TestData\TestData.csproj", "{7998ED3D-CAD9-4A61-8BCD-A7B95C5E0F7F}"
EndProject
Global
	GlobalSection(SolutionConfigurationPlatforms) = preSolution
		Debug|Any CPU = Debug|Any CPU
		Release|Any CPU = Release|Any CPU
	EndGlobalSection
	GlobalSection(ProjectConfigurationPlatforms) = postSolution
		{83860BEB-2FBA-4A35-A10C-DD75DF005A03}.Debug|Any CPU.ActiveCfg = Debug|Any CPU
		{83860BEB-2FBA-4A35-A10C-DD75DF005A03}.Debug|Any CPU.Build.0 = Debug|Any CPU
		{83860BEB-2FBA-4A35-A10C-DD75DF005A03}.Release|Any CPU.ActiveCfg = Release|Any CPU
		{83860BEB-2FBA-4A35-A10C-DD75DF005A03}.Release|Any CPU.Build.0 = Release|Any CPU
		{7998ED3D-CAD9-4A61-8BCD-A7B95C5E0F7F}.Debug|Any CPU.ActiveCfg = Debug|Any CPU
		{7998ED3D-CAD9-4A61-8BCD-A7B95C5E0F7F}.Debug|Any CPU.Build.0 = Debug|Any CPU
		{7998ED3D-CAD9-4A61-8BCD-A7B95C5E0F7F}.Release|Any CPU.ActiveCfg = Release|Any CPU
		{7998ED3D-CAD9-4A61-8BCD-A7B95C5E0F7F}.Release|Any CPU.Build.0 = Release|Any CPU
	EndGlobalSection
	GlobalSection(SolutionProperties) = preSolution
		HideSolutionNode = FALSE
	EndGlobalSection
	GlobalSection(ExtensibilityGlobals) = postSolution
		SolutionGuid = {75D26A90-C20D-41B8-83AA-11F19839B1C5}
	EndGlobalSection
EndGlobal
