
Microsoft Visual Studio Solution File, Format Version 12.00
# Visual Studio Version 16
VisualStudioVersion = 16.0.30804.86
MinimumVisualStudioVersion = 10.0.40219.1
Project("{FAE04EC0-301F-11D3-BF4B-00C04F79EFBC}") = "CSharp9WhatsNew", "CSharp9WhatsNew\CSharp9WhatsNew.csproj", "{C275BD6D-7486-4C25-9F67-AAC310EBF2DC}"
EndProject
Global
	GlobalSection(SolutionConfigurationPlatforms) = preSolution
		Debug|Any CPU = Debug|Any CPU
		Release|Any CPU = Release|Any CPU
	EndGlobalSection
	GlobalSection(ProjectConfigurationPlatforms) = postSolution
		{C275BD6D-7486-4C25-9F67-AAC310EBF2DC}.Debug|Any CPU.ActiveCfg = Debug|Any CPU
		{C275BD6D-7486-4C25-9F67-AAC310EBF2DC}.Debug|Any CPU.Build.0 = Debug|Any CPU
		{C275BD6D-7486-4C25-9F67-AAC310EBF2DC}.Release|Any CPU.ActiveCfg = Release|Any CPU
		{C275BD6D-7486-4C25-9F67-AAC310EBF2DC}.Release|Any CPU.Build.0 = Release|Any CPU
	EndGlobalSection
	GlobalSection(SolutionProperties) = preSolution
		HideSolutionNode = FALSE
	EndGlobalSection
	GlobalSection(ExtensibilityGlobals) = postSolution
		SolutionGuid = {768A6624-8096-495F-8689-43F7BE53A521}
	EndGlobalSection
EndGlobal
