
Microsoft Visual Studio Solution File, Format Version 12.00
# Visual Studio Version 17
VisualStudioVersion = 17.7.34024.191
MinimumVisualStudioVersion = 10.0.40219.1
Project("{9A19103F-16F7-4668-BE54-9A1E7A4F7556}") = "CachingNetConsole", "CachingNetConsole\CachingNetConsole.csproj", "{DD0EC2E8-426D-4979-A2D1-1C013C19096D}"
EndProject
Project("{9A19103F-16F7-4668-BE54-9A1E7A4F7556}") = "CachingNetObj", "CachingNetObj\CachingNetObj.csproj", "{A650A4F4-C202-4756-9FBC-E219340146B5}"
EndProject
Project("{9A19103F-16F7-4668-BE54-9A1E7A4F7556}") = "CachingNetWebAPI", "CachingNetWebAPI\CachingNetWebAPI.csproj", "{3ADC9D55-7A69-4FD0-958F-A5FFC63C957D}"
EndProject
Project("{FAE04EC0-301F-11D3-BF4B-00C04F79EFBC}") = "CachingNetDB", "CachingNetDB\CachingNetDB.csproj", "{716A2A37-273C-4B21-A696-9ECFE9FEC926}"
EndProject
Global
	GlobalSection(SolutionConfigurationPlatforms) = preSolution
		Debug|Any CPU = Debug|Any CPU
		Release|Any CPU = Release|Any CPU
	EndGlobalSection
	GlobalSection(ProjectConfigurationPlatforms) = postSolution
		{DD0EC2E8-426D-4979-A2D1-1C013C19096D}.Debug|Any CPU.ActiveCfg = Debug|Any CPU
		{DD0EC2E8-426D-4979-A2D1-1C013C19096D}.Debug|Any CPU.Build.0 = Debug|Any CPU
		{DD0EC2E8-426D-4979-A2D1-1C013C19096D}.Release|Any CPU.ActiveCfg = Release|Any CPU
		{DD0EC2E8-426D-4979-A2D1-1C013C19096D}.Release|Any CPU.Build.0 = Release|Any CPU
		{A650A4F4-C202-4756-9FBC-E219340146B5}.Debug|Any CPU.ActiveCfg = Debug|Any CPU
		{A650A4F4-C202-4756-9FBC-E219340146B5}.Debug|Any CPU.Build.0 = Debug|Any CPU
		{A650A4F4-C202-4756-9FBC-E219340146B5}.Release|Any CPU.ActiveCfg = Release|Any CPU
		{A650A4F4-C202-4756-9FBC-E219340146B5}.Release|Any CPU.Build.0 = Release|Any CPU
		{3ADC9D55-7A69-4FD0-958F-A5FFC63C957D}.Debug|Any CPU.ActiveCfg = Debug|Any CPU
		{3ADC9D55-7A69-4FD0-958F-A5FFC63C957D}.Debug|Any CPU.Build.0 = Debug|Any CPU
		{3ADC9D55-7A69-4FD0-958F-A5FFC63C957D}.Release|Any CPU.ActiveCfg = Release|Any CPU
		{3ADC9D55-7A69-4FD0-958F-A5FFC63C957D}.Release|Any CPU.Build.0 = Release|Any CPU
		{716A2A37-273C-4B21-A696-9ECFE9FEC926}.Debug|Any CPU.ActiveCfg = Debug|Any CPU
		{716A2A37-273C-4B21-A696-9ECFE9FEC926}.Debug|Any CPU.Build.0 = Debug|Any CPU
		{716A2A37-273C-4B21-A696-9ECFE9FEC926}.Release|Any CPU.ActiveCfg = Release|Any CPU
		{716A2A37-273C-4B21-A696-9ECFE9FEC926}.Release|Any CPU.Build.0 = Release|Any CPU
	EndGlobalSection
	GlobalSection(SolutionProperties) = preSolution
		HideSolutionNode = FALSE
	EndGlobalSection
	GlobalSection(ExtensibilityGlobals) = postSolution
		SolutionGuid = {F2FBF36A-096D-4AED-9CCF-4C6E34F0A4B8}
	EndGlobalSection
EndGlobal
