
Microsoft Visual Studio Solution File, Format Version 12.00
# Visual Studio Version 17
VisualStudioVersion = 17.4.33122.133
MinimumVisualStudioVersion = 10.0.40219.1
Project("{FAE04EC0-301F-11D3-BF4B-00C04F79EFBC}") = "WhatsNewNet7", "WhatsNewNet7\WhatsNewNet7.csproj", "{E5B800F6-C648-4B0E-B024-10909085B1CA}"
EndProject
Global
	GlobalSection(SolutionConfigurationPlatforms) = preSolution
		Debug|Any CPU = Debug|Any CPU
		Release|Any CPU = Release|Any CPU
	EndGlobalSection
	GlobalSection(ProjectConfigurationPlatforms) = postSolution
		{E5B800F6-C648-4B0E-B024-10909085B1CA}.Debug|Any CPU.ActiveCfg = Debug|Any CPU
		{E5B800F6-C648-4B0E-B024-10909085B1CA}.Debug|Any CPU.Build.0 = Debug|Any CPU
		{E5B800F6-C648-4B0E-B024-10909085B1CA}.Release|Any CPU.ActiveCfg = Release|Any CPU
		{E5B800F6-C648-4B0E-B024-10909085B1CA}.Release|Any CPU.Build.0 = Release|Any CPU
	EndGlobalSection
	GlobalSection(SolutionProperties) = preSolution
		HideSolutionNode = FALSE
	EndGlobalSection
	GlobalSection(ExtensibilityGlobals) = postSolution
		SolutionGuid = {554062DC-ECA8-4D10-889A-2F5A16F6A304}
	EndGlobalSection
EndGlobal
