
Microsoft Visual Studio Solution File, Format Version 12.00
# Visual Studio 15
VisualStudioVersion = 15.0.27004.2010
MinimumVisualStudioVersion = 10.0.40219.1
Project("{FAE04EC0-301F-11D3-BF4B-00C04F79EFBC}") = "Decorator1Stream", "Decorator\Decorator1Stream.csproj", "{1374B41C-5475-45BD-8BA1-44D468FA4959}"
EndProject
Project("{FAE04EC0-301F-11D3-BF4B-00C04F79EFBC}") = "Decorator2Sealed", "Decorator2Sealed\Decorator2Sealed.csproj", "{C750E84C-7009-4931-BC69-4229C948D4BC}"
EndProject
Project("{FAE04EC0-301F-11D3-BF4B-00C04F79EFBC}") = "Decorator3Coffee", "Decorator3Coffee\Decorator3Coffee.csproj", "{2C9016F3-3362-4728-82C3-91A90385CDD0}"
EndProject
Project("{FAE04EC0-301F-11D3-BF4B-00C04F79EFBC}") = "DecoratorHomework", "DecoratorHomework\DecoratorHomework.csproj", "{45B7C127-B017-4DB7-BC5F-AAF177EBA4D3}"
EndProject
Global
	GlobalSection(SolutionConfigurationPlatforms) = preSolution
		Debug|Any CPU = Debug|Any CPU
		Release|Any CPU = Release|Any CPU
	EndGlobalSection
	GlobalSection(ProjectConfigurationPlatforms) = postSolution
		{1374B41C-5475-45BD-8BA1-44D468FA4959}.Debug|Any CPU.ActiveCfg = Debug|Any CPU
		{1374B41C-5475-45BD-8BA1-44D468FA4959}.Debug|Any CPU.Build.0 = Debug|Any CPU
		{1374B41C-5475-45BD-8BA1-44D468FA4959}.Release|Any CPU.ActiveCfg = Release|Any CPU
		{1374B41C-5475-45BD-8BA1-44D468FA4959}.Release|Any CPU.Build.0 = Release|Any CPU
		{C750E84C-7009-4931-BC69-4229C948D4BC}.Debug|Any CPU.ActiveCfg = Debug|Any CPU
		{C750E84C-7009-4931-BC69-4229C948D4BC}.Debug|Any CPU.Build.0 = Debug|Any CPU
		{C750E84C-7009-4931-BC69-4229C948D4BC}.Release|Any CPU.ActiveCfg = Release|Any CPU
		{C750E84C-7009-4931-BC69-4229C948D4BC}.Release|Any CPU.Build.0 = Release|Any CPU
		{2C9016F3-3362-4728-82C3-91A90385CDD0}.Debug|Any CPU.ActiveCfg = Debug|Any CPU
		{2C9016F3-3362-4728-82C3-91A90385CDD0}.Debug|Any CPU.Build.0 = Debug|Any CPU
		{2C9016F3-3362-4728-82C3-91A90385CDD0}.Release|Any CPU.ActiveCfg = Release|Any CPU
		{2C9016F3-3362-4728-82C3-91A90385CDD0}.Release|Any CPU.Build.0 = Release|Any CPU
		{45B7C127-B017-4DB7-BC5F-AAF177EBA4D3}.Debug|Any CPU.ActiveCfg = Debug|Any CPU
		{45B7C127-B017-4DB7-BC5F-AAF177EBA4D3}.Debug|Any CPU.Build.0 = Debug|Any CPU
		{45B7C127-B017-4DB7-BC5F-AAF177EBA4D3}.Release|Any CPU.ActiveCfg = Release|Any CPU
		{45B7C127-B017-4DB7-BC5F-AAF177EBA4D3}.Release|Any CPU.Build.0 = Release|Any CPU
	EndGlobalSection
	GlobalSection(SolutionProperties) = preSolution
		HideSolutionNode = FALSE
	EndGlobalSection
	GlobalSection(ExtensibilityGlobals) = postSolution
		SolutionGuid = {96EC0A05-8ECC-4E5B-8C4E-2DB7424BD450}
	EndGlobalSection
EndGlobal
