Microsoft Visual Studio Solution File, Format Version 12.00
# Visual Studio Version 17
VisualStudioVersion = 17.11.35222.181
MinimumVisualStudioVersion = 10.0.40219.1
Project("{9A19103F-16F7-4668-BE54-9A1E7A4F7556}") = "CallingMultipleWebAPI.AppHost", "CallingMultipleWebAPI.AppHost\CallingMultipleWebAPI.AppHost.csproj", "{C593A287-3BD9-4397-AFCF-8CC7968A6F4A}"
EndProject
Project("{9A19103F-16F7-4668-BE54-9A1E7A4F7556}") = "CallingMultipleWebAPI.ServiceDefaults", "CallingMultipleWebAPI.ServiceDefaults\CallingMultipleWebAPI.ServiceDefaults.csproj", "{50D05A01-7979-403B-A1C5-6DB9A2AA18A4}"
EndProject
Project("{9A19103F-16F7-4668-BE54-9A1E7A4F7556}") = "WebAPIBase64", "WebAPIBase64\WebAPIBase64.csproj", "{4AB32125-B688-4F50-B9AE-A7765A5E0FC9}"
EndProject
Project("{9A19103F-16F7-4668-BE54-9A1E7A4F7556}") = "WebAPIROT13", "WebAPIROT13\WebAPIROT13.csproj", "{2AFC6D15-2430-4B08-91BF-0FA21E34D1A8}"
EndProject
Project("{FAE04EC0-301F-11D3-BF4B-00C04F79EFBC}") = "AddAutomation", "AddAutomation\AddAutomation.csproj", "{4AE4CF08-BFE1-40C2-AFA1-94FEBFCD7619}"
EndProject
Global
	GlobalSection(SolutionConfigurationPlatforms) = preSolution
		Debug|Any CPU = Debug|Any CPU
		Release|Any CPU = Release|Any CPU
	EndGlobalSection
	GlobalSection(ProjectConfigurationPlatforms) = postSolution
		{C593A287-3BD9-4397-AFCF-8CC7968A6F4A}.Debug|Any CPU.ActiveCfg = Debug|Any CPU
		{C593A287-3BD9-4397-AFCF-8CC7968A6F4A}.Debug|Any CPU.Build.0 = Debug|Any CPU
		{C593A287-3BD9-4397-AFCF-8CC7968A6F4A}.Release|Any CPU.ActiveCfg = Release|Any CPU
		{C593A287-3BD9-4397-AFCF-8CC7968A6F4A}.Release|Any CPU.Build.0 = Release|Any CPU
		{50D05A01-7979-403B-A1C5-6DB9A2AA18A4}.Debug|Any CPU.ActiveCfg = Debug|Any CPU
		{50D05A01-7979-403B-A1C5-6DB9A2AA18A4}.Debug|Any CPU.Build.0 = Debug|Any CPU
		{50D05A01-7979-403B-A1C5-6DB9A2AA18A4}.Release|Any CPU.ActiveCfg = Release|Any CPU
		{50D05A01-7979-403B-A1C5-6DB9A2AA18A4}.Release|Any CPU.Build.0 = Release|Any CPU
		{4AB32125-B688-4F50-B9AE-A7765A5E0FC9}.Debug|Any CPU.ActiveCfg = Debug|Any CPU
		{4AB32125-B688-4F50-B9AE-A7765A5E0FC9}.Debug|Any CPU.Build.0 = Debug|Any CPU
		{4AB32125-B688-4F50-B9AE-A7765A5E0FC9}.Release|Any CPU.ActiveCfg = Release|Any CPU
		{4AB32125-B688-4F50-B9AE-A7765A5E0FC9}.Release|Any CPU.Build.0 = Release|Any CPU
		{2AFC6D15-2430-4B08-91BF-0FA21E34D1A8}.Debug|Any CPU.ActiveCfg = Debug|Any CPU
		{2AFC6D15-2430-4B08-91BF-0FA21E34D1A8}.Debug|Any CPU.Build.0 = Debug|Any CPU
		{2AFC6D15-2430-4B08-91BF-0FA21E34D1A8}.Release|Any CPU.ActiveCfg = Release|Any CPU
		{2AFC6D15-2430-4B08-91BF-0FA21E34D1A8}.Release|Any CPU.Build.0 = Release|Any CPU
		{4AE4CF08-BFE1-40C2-AFA1-94FEBFCD7619}.Debug|Any CPU.ActiveCfg = Debug|Any CPU
		{4AE4CF08-BFE1-40C2-AFA1-94FEBFCD7619}.Debug|Any CPU.Build.0 = Debug|Any CPU
		{4AE4CF08-BFE1-40C2-AFA1-94FEBFCD7619}.Release|Any CPU.ActiveCfg = Release|Any CPU
		{4AE4CF08-BFE1-40C2-AFA1-94FEBFCD7619}.Release|Any CPU.Build.0 = Release|Any CPU
	EndGlobalSection
	GlobalSection(SolutionProperties) = preSolution
		HideSolutionNode = FALSE
	EndGlobalSection
	GlobalSection(ExtensibilityGlobals) = postSolution
		SolutionGuid = {F9538AE4-3447-4DC0-B656-841A0D286E2E}
	EndGlobalSection
EndGlobal
