
Microsoft Visual Studio Solution File, Format Version 12.00
# Visual Studio 15
VisualStudioVersion = 15.0.28010.2050
MinimumVisualStudioVersion = 10.0.40219.1
Project("{FAE04EC0-301F-11D3-BF4B-00C04F79EFBC}") = "demoFrom", "demoFrom\demoFrom.csproj", "{12F5DAEB-9E73-46CC-923D-47A4DDD6F2BF}"
EndProject
Global
	GlobalSection(SolutionConfigurationPlatforms) = preSolution
		Debug|Any CPU = Debug|Any CPU
		Release|Any CPU = Release|Any CPU
	EndGlobalSection
	GlobalSection(ProjectConfigurationPlatforms) = postSolution
		{12F5DAEB-9E73-46CC-923D-47A4DDD6F2BF}.Debug|Any CPU.ActiveCfg = Debug|Any CPU
		{12F5DAEB-9E73-46CC-923D-47A4DDD6F2BF}.Debug|Any CPU.Build.0 = Debug|Any CPU
		{12F5DAEB-9E73-46CC-923D-47A4DDD6F2BF}.Release|Any CPU.ActiveCfg = Release|Any CPU
		{12F5DAEB-9E73-46CC-923D-47A4DDD6F2BF}.Release|Any CPU.Build.0 = Release|Any CPU
	EndGlobalSection
	GlobalSection(SolutionProperties) = preSolution
		HideSolutionNode = FALSE
	EndGlobalSection
	GlobalSection(ExtensibilityGlobals) = postSolution
		SolutionGuid = {17899A9E-CA58-406F-A11E-1C1730D60720}
	EndGlobalSection
EndGlobal
