
Microsoft Visual Studio Solution File, Format Version 12.00
# Visual Studio Version 17
VisualStudioVersion = 17.0.31903.59
MinimumVisualStudioVersion = 10.0.40219.1
Project("{FAE04EC0-301F-11D3-BF4B-00C04F79EFBC}") = "GlobalUsings", "ConsoleDemo\GlobalUsings.csproj", "{EF210CB8-EA8D-416A-9FC3-C339B4468075}"
EndProject
Project("{FAE04EC0-301F-11D3-BF4B-00C04F79EFBC}") = "WebAPIDemo", "WebAPIDemo\WebAPIDemo.csproj", "{4EBC6D33-F21F-4465-8385-8505DDEABA53}"
EndProject
Global
	GlobalSection(SolutionConfigurationPlatforms) = preSolution
		Debug|Any CPU = Debug|Any CPU
		Release|Any CPU = Release|Any CPU
	EndGlobalSection
	GlobalSection(ProjectConfigurationPlatforms) = postSolution
		{EF210CB8-EA8D-416A-9FC3-C339B4468075}.Debug|Any CPU.ActiveCfg = Debug|Any CPU
		{EF210CB8-EA8D-416A-9FC3-C339B4468075}.Debug|Any CPU.Build.0 = Debug|Any CPU
		{EF210CB8-EA8D-416A-9FC3-C339B4468075}.Release|Any CPU.ActiveCfg = Release|Any CPU
		{EF210CB8-EA8D-416A-9FC3-C339B4468075}.Release|Any CPU.Build.0 = Release|Any CPU
		{4EBC6D33-F21F-4465-8385-8505DDEABA53}.Debug|Any CPU.ActiveCfg = Debug|Any CPU
		{4EBC6D33-F21F-4465-8385-8505DDEABA53}.Debug|Any CPU.Build.0 = Debug|Any CPU
		{4EBC6D33-F21F-4465-8385-8505DDEABA53}.Release|Any CPU.ActiveCfg = Release|Any CPU
		{4EBC6D33-F21F-4465-8385-8505DDEABA53}.Release|Any CPU.Build.0 = Release|Any CPU
	EndGlobalSection
	GlobalSection(SolutionProperties) = preSolution
		HideSolutionNode = FALSE
	EndGlobalSection
	GlobalSection(ExtensibilityGlobals) = postSolution
		SolutionGuid = {50D983EF-FE5F-4245-9B23-F87960B2F1BD}
	EndGlobalSection
EndGlobal
